
Microsoft Visual Studio Solution File, Format Version 12.00
# Visual Studio Version 16
VisualStudioVersion = 16.0.29230.47
MinimumVisualStudioVersion = 10.0.40219.1
Project("{2150E333-8FDC-42A3-9474-1A3956D46DE8}") = "Application", "Application", "{26EAB986-24F2-4A81-8206-34143643124D}"
EndProject
Project("{2150E333-8FDC-42A3-9474-1A3956D46DE8}") = "Domain", "Domain", "{1B9E5A29-C693-4E31-834D-610AE72916C9}"
EndProject
Project("{2150E333-8FDC-42A3-9474-1A3956D46DE8}") = "Service", "Service", "{B9B9BC15-97D2-4BBC-86E9-C1EA0F5B965E}"
EndProject
Project("{2150E333-8FDC-42A3-9474-1A3956D46DE8}") = "Infra", "Infra", "{94ED8294-8A6C-4F81-955F-E8E10F9B78D3}"
EndProject
Project("{FAE04EC0-301F-11D3-BF4B-00C04F79EFBC}") = "Gol-API", "Gol-API\Gol-API.csproj", "{4CB8D0B3-E034-4C89-BB96-630281265FCA}"
EndProject
Project("{FAE04EC0-301F-11D3-BF4B-00C04F79EFBC}") = "Gol-Domain", "Gol-Domain\Gol-Domain.csproj", "{8A1A87B8-1858-4631-8064-8E37FA1098EA}"
EndProject
Project("{FAE04EC0-301F-11D3-BF4B-00C04F79EFBC}") = "Gol-Service", "Gol-Service\Gol-Service.csproj", "{3225A9E8-175C-4A15-980C-3500361A5374}"
EndProject
Project("{2150E333-8FDC-42A3-9474-1A3956D46DE8}") = "Data", "Data", "{F01EA2B0-2572-4203-BDE6-0792792152B6}"
EndProject
Project("{2150E333-8FDC-42A3-9474-1A3956D46DE8}") = "CrossCutting", "CrossCutting", "{81B24BBD-7D09-43A4-9026-E20F8074AD80}"
EndProject
Project("{FAE04EC0-301F-11D3-BF4B-00C04F79EFBC}") = "Infra.Data", "Infra.Data\Infra.Data.csproj", "{B46170D8-C0E3-44EC-8335-05835B1D6CB3}"
EndProject
Project("{FAE04EC0-301F-11D3-BF4B-00C04F79EFBC}") = "Infra.CrossCutting", "Infra.CrossCutting\Infra.CrossCutting.csproj", "{46784A1D-7839-48B9-B572-285592F98E8A}"
EndProject
Global
	GlobalSection(SolutionConfigurationPlatforms) = preSolution
		Debug|Any CPU = Debug|Any CPU
		Release|Any CPU = Release|Any CPU
	EndGlobalSection
	GlobalSection(ProjectConfigurationPlatforms) = postSolution
		{4CB8D0B3-E034-4C89-BB96-630281265FCA}.Debug|Any CPU.ActiveCfg = Debug|Any CPU
		{4CB8D0B3-E034-4C89-BB96-630281265FCA}.Debug|Any CPU.Build.0 = Debug|Any CPU
		{4CB8D0B3-E034-4C89-BB96-630281265FCA}.Release|Any CPU.ActiveCfg = Release|Any CPU
		{4CB8D0B3-E034-4C89-BB96-630281265FCA}.Release|Any CPU.Build.0 = Release|Any CPU
		{8A1A87B8-1858-4631-8064-8E37FA1098EA}.Debug|Any CPU.ActiveCfg = Debug|Any CPU
		{8A1A87B8-1858-4631-8064-8E37FA1098EA}.Debug|Any CPU.Build.0 = Debug|Any CPU
		{8A1A87B8-1858-4631-8064-8E37FA1098EA}.Release|Any CPU.ActiveCfg = Release|Any CPU
		{8A1A87B8-1858-4631-8064-8E37FA1098EA}.Release|Any CPU.Build.0 = Release|Any CPU
		{3225A9E8-175C-4A15-980C-3500361A5374}.Debug|Any CPU.ActiveCfg = Debug|Any CPU
		{3225A9E8-175C-4A15-980C-3500361A5374}.Debug|Any CPU.Build.0 = Debug|Any CPU
		{3225A9E8-175C-4A15-980C-3500361A5374}.Release|Any CPU.ActiveCfg = Release|Any CPU
		{3225A9E8-175C-4A15-980C-3500361A5374}.Release|Any CPU.Build.0 = Release|Any CPU
		{B46170D8-C0E3-44EC-8335-05835B1D6CB3}.Debug|Any CPU.ActiveCfg = Debug|Any CPU
		{B46170D8-C0E3-44EC-8335-05835B1D6CB3}.Debug|Any CPU.Build.0 = Debug|Any CPU
		{B46170D8-C0E3-44EC-8335-05835B1D6CB3}.Release|Any CPU.ActiveCfg = Release|Any CPU
		{B46170D8-C0E3-44EC-8335-05835B1D6CB3}.Release|Any CPU.Build.0 = Release|Any CPU
		{46784A1D-7839-48B9-B572-285592F98E8A}.Debug|Any CPU.ActiveCfg = Debug|Any CPU
		{46784A1D-7839-48B9-B572-285592F98E8A}.Debug|Any CPU.Build.0 = Debug|Any CPU
		{46784A1D-7839-48B9-B572-285592F98E8A}.Release|Any CPU.ActiveCfg = Release|Any CPU
		{46784A1D-7839-48B9-B572-285592F98E8A}.Release|Any CPU.Build.0 = Release|Any CPU
	EndGlobalSection
	GlobalSection(SolutionProperties) = preSolution
		HideSolutionNode = FALSE
	EndGlobalSection
	GlobalSection(NestedProjects) = preSolution
		{4CB8D0B3-E034-4C89-BB96-630281265FCA} = {26EAB986-24F2-4A81-8206-34143643124D}
		{8A1A87B8-1858-4631-8064-8E37FA1098EA} = {1B9E5A29-C693-4E31-834D-610AE72916C9}
		{3225A9E8-175C-4A15-980C-3500361A5374} = {B9B9BC15-97D2-4BBC-86E9-C1EA0F5B965E}
		{F01EA2B0-2572-4203-BDE6-0792792152B6} = {94ED8294-8A6C-4F81-955F-E8E10F9B78D3}
		{81B24BBD-7D09-43A4-9026-E20F8074AD80} = {94ED8294-8A6C-4F81-955F-E8E10F9B78D3}
		{B46170D8-C0E3-44EC-8335-05835B1D6CB3} = {F01EA2B0-2572-4203-BDE6-0792792152B6}
		{46784A1D-7839-48B9-B572-285592F98E8A} = {81B24BBD-7D09-43A4-9026-E20F8074AD80}
	EndGlobalSection
	GlobalSection(ExtensibilityGlobals) = postSolution
		SolutionGuid = {EE245FF8-E651-4950-A844-2E44D08558C6}
	EndGlobalSection
EndGlobal
